
Microsoft Visual Studio Solution File, Format Version 12.00
# Visual Studio Version 16
VisualStudioVersion = 16.0.29326.143
MinimumVisualStudioVersion = 10.0.40219.1
Project("{8BC9CEB8-8B4A-11D0-8D11-00A0C91BC942}") = "Detect_and_Track", "Detect_and_Track\Detect_and_Track.vcxproj", "{C9D3E535-3388-4A04-9E08-208C75EABA1D}"
EndProject
Global
	GlobalSection(SolutionConfigurationPlatforms) = preSolution
		Debug|x64 = Debug|x64
		Debug|x86 = Debug|x86
		Release|x64 = Release|x64
		Release|x86 = Release|x86
	EndGlobalSection
	GlobalSection(ProjectConfigurationPlatforms) = postSolution
		{C9D3E535-3388-4A04-9E08-208C75EABA1D}.Debug|x64.ActiveCfg = Debug|x64
		{C9D3E535-3388-4A04-9E08-208C75EABA1D}.Debug|x64.Build.0 = Debug|x64
		{C9D3E535-3388-4A04-9E08-208C75EABA1D}.Debug|x86.ActiveCfg = Debug|Win32
		{C9D3E535-3388-4A04-9E08-208C75EABA1D}.Debug|x86.Build.0 = Debug|Win32
		{C9D3E535-3388-4A04-9E08-208C75EABA1D}.Release|x64.ActiveCfg = Release|x64
		{C9D3E535-3388-4A04-9E08-208C75EABA1D}.Release|x64.Build.0 = Release|x64
		{C9D3E535-3388-4A04-9E08-208C75EABA1D}.Release|x86.ActiveCfg = Release|Win32
		{C9D3E535-3388-4A04-9E08-208C75EABA1D}.Release|x86.Build.0 = Release|Win32
	EndGlobalSection
	GlobalSection(SolutionProperties) = preSolution
		HideSolutionNode = FALSE
	EndGlobalSection
	GlobalSection(ExtensibilityGlobals) = postSolution
		SolutionGuid = {404B5C7A-7114-4735-8598-117A4D80FA42}
	EndGlobalSection
EndGlobal
